# Generated by conda-lock.
# platform: win-64
# input_hash: 805a24dc0c4b5fdc2373466d1e361abb8ee6a542bcb11f4de15c32e3b0f30db0
@EXPLICIT
https://conda.anaconda.org/conda-forge/win-64/ca-certificates-2024.8.30-h56e8100_0.conda#4c4fd67c18619be5aa65dc5b6c72e490
https://conda.anaconda.org/conda-forge/win-64/intel-openmp-2024.2.1-h57928b3_1083.conda#2d89243bfb53652c182a7c73182cce4f
https://conda.anaconda.org/conda-forge/win-64/python_abi-3.11-5_cp311.conda#895b873644c11ccc0ab7dba2d8513ae6
https://conda.anaconda.org/conda-forge/noarch/tzdata-2024b-hc8b5060_0.conda#8ac3367aafb1cc0a068483c580af8015
https://conda.anaconda.org/conda-forge/win-64/ucrt-10.0.22621.0-h57928b3_1.conda#6797b005cd0f439c4c5c9ac565783700
https://conda.anaconda.org/conda-forge/win-64/libwinpthread-12.0.0.r4.gg4f2fc60ca-h57928b3_8.conda#03cccbba200ee0523bde1f3dad60b1f3
https://conda.anaconda.org/conda-forge/win-64/vc14_runtime-14.42.34433-he29a5d6_23.conda#32b37d0cfa80da34548501cdc913a832
https://conda.anaconda.org/conda-forge/win-64/vc-14.3-ha32ba9b_23.conda#7c10ec3158d1eb4ddff7007c9101adb0
https://conda.anaconda.org/conda-forge/win-64/vs2015_runtime-14.42.34433-hdffcdeb_23.conda#5c176975ca2b8366abad3c97b3cd1e83
https://conda.anaconda.org/conda-forge/win-64/bzip2-1.0.8-h2466b09_7.conda#276e7ffe9ffe39688abc665ef0f45596
https://conda.anaconda.org/conda-forge/win-64/c-ares-1.34.3-h2466b09_1.conda#f8413bb7fb62f7bdc2545c9a06937790
https://conda.anaconda.org/conda-forge/win-64/libabseil-20240722.0-cxx17_he0c23c2_1.conda#3f59a73b07a05530b252ecb07dd882b9
https://conda.anaconda.org/conda-forge/win-64/libcrc32c-1.1.2-h0e60522_0.tar.bz2#cd4cc2d0c610c8cb5419ccc979f2d6ce
https://conda.anaconda.org/conda-forge/win-64/libexpat-2.6.4-he0c23c2_0.conda#eb383771c680aa792feb529eaf9df82f
https://conda.anaconda.org/conda-forge/win-64/libffi-3.4.2-h8ffe710_5.tar.bz2#2c96d1b6915b408893f9472569dee135
https://conda.anaconda.org/conda-forge/win-64/libiconv-1.17-hcfcfb64_2.conda#e1eb10b1cca179f2baa3601e4efc8712
https://conda.anaconda.org/conda-forge/win-64/libsqlite-3.47.0-h2466b09_1.conda#5b1f36012cc3d09c4eb9f24ad0e2c379
https://conda.anaconda.org/conda-forge/win-64/libzlib-1.3.1-h2466b09_2.conda#41fbfac52c601159df6c01f875de31b9
https://conda.anaconda.org/conda-forge/win-64/openssl-3.4.0-h2466b09_0.conda#d0d805d9b5524a14efb51b3bff965e83
https://conda.anaconda.org/conda-forge/win-64/tk-8.6.13-h5226925_1.conda#fc048363eb8f03cd1737600a5d08aafe
https://conda.anaconda.org/conda-forge/win-64/xz-5.2.6-h8d14728_0.tar.bz2#515d77642eaa3639413c6b1bc3f94219
https://conda.anaconda.org/conda-forge/win-64/libprotobuf-5.28.2-hcaed137_0.conda#97c6d2f83edd7b400a22660e2a4d1488
https://conda.anaconda.org/conda-forge/win-64/libre2-11-2024.07.02-h4eb7d71_1.conda#d8dbfb066c8e3e85439687613d32057d
https://conda.anaconda.org/conda-forge/win-64/libxml2-2.13.5-h442d1da_0.conda#1fbabbec60a3c7c519a5973b06c3b2f4
https://conda.anaconda.org/conda-forge/win-64/python-3.11.10-hce54a09_3_cpython.conda#5d54d429c0eb2273d1cc69763de6edaf
https://conda.anaconda.org/conda-forge/win-64/zstd-1.5.6-h0ea2cb4_0.conda#9a17230f95733c04dc40a2b1e5491d74
https://conda.anaconda.org/conda-forge/noarch/aiohappyeyeballs-2.4.4-pyhd8ed1ab_0.conda#8d6f8a679aa0272ba8d6092ce4824870
https://conda.anaconda.org/conda-forge/noarch/attrs-24.2.0-pyh71513ae_0.conda#6732fa52eb8e66e5afeb32db8701a791
https://conda.anaconda.org/conda-forge/win-64/brotli-python-1.1.0-py311hda3d55a_2.conda#a0ea2839841a06740a1c110ba3317b42
https://conda.anaconda.org/conda-forge/noarch/cachetools-5.5.0-pyhd8ed1ab_0.conda#5bad039db72bd8f134a5cff3ebaa190d
https://conda.anaconda.org/conda-forge/noarch/certifi-2024.8.30-pyhd8ed1ab_0.conda#12f7d00853807b0531775e9be891cb11
https://conda.anaconda.org/conda-forge/noarch/charset-normalizer-3.4.0-pyhd8ed1ab_0.conda#a374efa97290b8799046df7c5ca17164
https://conda.anaconda.org/conda-forge/win-64/frozenlist-1.5.0-py311he736701_0.conda#228d16664f7938586d813a1df2637934
https://conda.anaconda.org/conda-forge/noarch/hpack-4.0.0-pyh9f0ad1d_0.tar.bz2#914d6646c4dbb1fd3ff539830a12fd71
https://conda.anaconda.org/conda-forge/noarch/hyperframe-6.0.1-pyhd8ed1ab_0.tar.bz2#9f765cbfab6870c8435b9eefecd7a1f4
https://conda.anaconda.org/conda-forge/noarch/idna-3.10-pyhd8ed1ab_0.conda#7ba2ede0e7c795ff95088daf0dc59753
https://conda.anaconda.org/conda-forge/win-64/libhwloc-2.11.2-default_ha69328c_1001.conda#b87a0ac5ab6495d8225db5dc72dd21cd
https://conda.anaconda.org/conda-forge/win-64/multidict-6.1.0-py311h5082efb_1.conda#43817f67897069a44137321949264aab
https://conda.anaconda.org/conda-forge/noarch/packaging-24.2-pyhff2d567_1.conda#8508b703977f4c4ada34d657d051972c
https://conda.anaconda.org/conda-forge/win-64/propcache-0.2.0-py311he736701_2.conda#cf6d45e5a2054bc666c0d7f9a124ee20
https://conda.anaconda.org/conda-forge/win-64/protobuf-5.28.2-py311hda3d55a_0.conda#ebbcb88e6cbbf7d3b45f55c2061d9e59
https://conda.anaconda.org/conda-forge/noarch/pyasn1-0.6.1-pyhd8ed1ab_1.conda#960ae8a1852b4e0fbeafe439fa7f4eab
https://conda.anaconda.org/conda-forge/noarch/pycparser-2.22-pyhd8ed1ab_0.conda#844d9eb3b43095b031874477f7d70088
https://conda.anaconda.org/conda-forge/noarch/python-tzdata-2024.2-pyhd8ed1ab_0.conda#986287f89929b2d629bd6ef6497dc307
https://conda.anaconda.org/conda-forge/noarch/pytz-2024.1-pyhd8ed1ab_0.conda#3eeeeb9e4827ace8c0c1419c85d590ad
https://conda.anaconda.org/conda-forge/win-64/re2-2024.07.02-hd3b24a8_1.conda#b4abdc84c969587219e7e759116a3e8b
https://conda.anaconda.org/conda-forge/noarch/setuptools-75.6.0-pyhff2d567_1.conda#fc80f7995e396cbaeabd23cf46c413dc
https://conda.anaconda.org/conda-forge/noarch/six-1.16.0-pyh6c4a22f_0.tar.bz2#e5f25f8dbc060e9a8d912e432202afc2
https://conda.anaconda.org/conda-forge/noarch/win_inet_pton-1.1.0-pyh7428d3b_8.conda#46e441ba871f524e2b067929da3051c2
https://conda.anaconda.org/conda-forge/noarch/aiosignal-1.3.1-pyhd8ed1ab_0.tar.bz2#d1e1eb7e21a9e2c74279d87dafb68156
https://conda.anaconda.org/conda-forge/win-64/cffi-1.17.1-py311he736701_0.conda#e1c69be23bd05471a6c623e91680ad59
https://conda.anaconda.org/conda-forge/noarch/googleapis-common-protos-1.66.0-pyhff2d567_0.conda#4861e30ff0cd566ea6fb4593e3b7c22a
https://conda.anaconda.org/conda-forge/noarch/h2-4.1.0-pyhd8ed1ab_0.tar.bz2#b748fbf7060927a6e82df7cb5ee8f097
https://conda.anaconda.org/conda-forge/win-64/libgrpc-1.67.1-h7aa3b8a_0.conda#daad5d4a1c24c1afe748afbb83377e43
https://conda.anaconda.org/conda-forge/noarch/proto-plus-1.25.0-pyhd8ed1ab_0.conda#36147996294573f1e8f9fea08e5938de
https://conda.anaconda.org/conda-forge/noarch/pyasn1-modules-0.4.1-pyhd8ed1ab_0.conda#f781c31cdff5c086909f8037ed0b0472
https://conda.anaconda.org/conda-forge/noarch/pysocks-1.7.1-pyh0701188_6.tar.bz2#56cd9fe388baac0e90c7149cfac95b60
https://conda.anaconda.org/conda-forge/noarch/python-dateutil-2.9.0.post0-pyhff2d567_0.conda#b6dfd90a2141e573e4b6a81630b56df5
https://conda.anaconda.org/conda-forge/noarch/pyu2f-0.1.5-pyhd8ed1ab_0.tar.bz2#caabbeaa83928d0c3e3949261daa18eb
https://conda.anaconda.org/conda-forge/noarch/rsa-4.9-pyhd8ed1ab_0.tar.bz2#03bf410858b2cefc267316408a77c436
https://conda.anaconda.org/conda-forge/win-64/tbb-2021.13.0-h62715c5_1.conda#9190dd0a23d925f7602f9628b3aed511
https://conda.anaconda.org/conda-forge/win-64/yarl-1.18.0-py311he736701_0.conda#ce3089b5e70ce57190001f9b9648dacb
https://conda.anaconda.org/conda-forge/win-64/aiohttp-3.11.9-py311h5082efb_0.conda#4f285d6694c650fd5b0d354166488d2a
https://conda.anaconda.org/conda-forge/win-64/cryptography-44.0.0-py311hfd75b31_0.conda#da896cac87fc8db5dee7cb0ccd85e703
https://conda.anaconda.org/conda-forge/win-64/google-crc32c-1.1.2-py311h9b28bec_6.conda#41d77d476b6d656146a586a0951e91d8
https://conda.anaconda.org/conda-forge/win-64/grpcio-1.67.1-py311h7deaa30_0.conda#87a76df083c503695514f2b0c8f6a584
https://conda.anaconda.org/conda-forge/win-64/mkl-2024.2.2-h66d3029_14.conda#f011e7cc21918dc9d1efe0209e27fa16
https://conda.anaconda.org/conda-forge/win-64/zstandard-0.23.0-py311h53056dc_1.conda#7d4c123cbb5e6293dd4dd2f8d30f0de4
https://conda.anaconda.org/conda-forge/noarch/google-resumable-media-2.7.2-pyhd8ed1ab_1.conda#357cb6c361778650356349769e4c834b
https://conda.anaconda.org/conda-forge/noarch/grpcio-status-1.67.1-pyhd8ed1ab_0.conda#caada5f2900dad42a86a599a23c3a7a5
https://conda.anaconda.org/conda-forge/win-64/libblas-3.9.0-25_win64_mkl.conda#499208e81242efb6e5abc7366c91c816
https://conda.anaconda.org/conda-forge/noarch/pyopenssl-21.0.0-pyhd8ed1ab_0.tar.bz2#8c49efecb7dca466e18b06015e8c88ce
https://conda.anaconda.org/conda-forge/noarch/urllib3-2.2.3-pyhd8ed1ab_0.conda#6b55867f385dd762ed99ea687af32a69
https://conda.anaconda.org/conda-forge/win-64/libcblas-3.9.0-25_win64_mkl.conda#3ed189ba03a9888a8013aaee0d67c49d
https://conda.anaconda.org/conda-forge/win-64/liblapack-3.9.0-25_win64_mkl.conda#f716ef84564c574e8e74ae725f5d5f93
https://conda.anaconda.org/conda-forge/noarch/requests-2.32.3-pyhd8ed1ab_0.conda#5ede4753180c7a550a443c430dc8ab52
https://conda.anaconda.org/conda-forge/noarch/google-auth-2.36.0-pyhff2d567_0.conda#ca4e5c994526c3a5bb863ef6d41a2612
https://conda.anaconda.org/conda-forge/win-64/numpy-2.1.3-py311h35ffc71_0.conda#aa627d29d5d1ed4192e70cd5a6cb1f4f
https://conda.anaconda.org/conda-forge/noarch/google-api-core-2.22.0-pyhd8ed1ab_0.conda#43ac2eb76299f388c89a360e9a23fb5a
https://conda.anaconda.org/conda-forge/win-64/pandas-2.2.3-py311hcf9f919_1.conda#5965b8926efba14e6fde98cc8713c083
https://conda.anaconda.org/conda-forge/noarch/google-api-core-grpc-2.22.0-hd8ed1ab_0.conda#10f1cd22f06214afe940506b1b582d57
https://conda.anaconda.org/conda-forge/noarch/google-cloud-core-2.4.1-pyhd8ed1ab_0.conda#1853cdebbfe25fb6ee253855a44945a6
https://conda.anaconda.org/conda-forge/noarch/google-cloud-bigquery-core-3.27.0-pyhd8ed1ab_0.conda#92eb20d3933ec7001d3ef41b6689f6f4
